
Microsoft Visual Studio Solution File, Format Version 12.00
# Visual Studio Version 16
VisualStudioVersion = 25.0.1703.8
MinimumVisualStudioVersion = 10.0.40219.1
Project("{FAE04EC0-301F-11D3-BF4B-00C04F79EFBC}") = "Daycare", "Daycare\Daycare.csproj", "{C83B6C9C-00F1-40FA-9417-7134B32427F5}"
EndProject
Global
	GlobalSection(SolutionConfigurationPlatforms) = preSolution
		Debug|Any CPU = Debug|Any CPU
		Release|Any CPU = Release|Any CPU
	EndGlobalSection
	GlobalSection(ProjectConfigurationPlatforms) = postSolution
		{C83B6C9C-00F1-40FA-9417-7134B32427F5}.Debug|Any CPU.ActiveCfg = Debug|Any CPU
		{C83B6C9C-00F1-40FA-9417-7134B32427F5}.Debug|Any CPU.Build.0 = Debug|Any CPU
		{C83B6C9C-00F1-40FA-9417-7134B32427F5}.Release|Any CPU.ActiveCfg = Release|Any CPU
		{C83B6C9C-00F1-40FA-9417-7134B32427F5}.Release|Any CPU.Build.0 = Release|Any CPU
	EndGlobalSection
	GlobalSection(SolutionProperties) = preSolution
		HideSolutionNode = FALSE
	EndGlobalSection
	GlobalSection(ExtensibilityGlobals) = postSolution
		SolutionGuid = {B8E41C99-A343-4442-A6AB-688A6E66865C}
	EndGlobalSection
EndGlobal
